
Microsoft Visual Studio Solution File, Format Version 12.00
# Visual Studio Version 17
VisualStudioVersion = 17.9.34728.123
MinimumVisualStudioVersion = 10.0.40219.1
Project("{9A19103F-16F7-4668-BE54-9A1E7A4F7556}") = "MiniAccountSystemDB", "MiniAccountSystemDB.csproj", "{C73EB691-890F-4A7B-A507-C9A4D9050EBA}"
EndProject
Global
	GlobalSection(SolutionConfigurationPlatforms) = preSolution
		Debug|Any CPU = Debug|Any CPU
		Release|Any CPU = Release|Any CPU
	EndGlobalSection
	GlobalSection(ProjectConfigurationPlatforms) = postSolution
		{C73EB691-890F-4A7B-A507-C9A4D9050EBA}.Debug|Any CPU.ActiveCfg = Debug|Any CPU
		{C73EB691-890F-4A7B-A507-C9A4D9050EBA}.Debug|Any CPU.Build.0 = Debug|Any CPU
		{C73EB691-890F-4A7B-A507-C9A4D9050EBA}.Release|Any CPU.ActiveCfg = Release|Any CPU
		{C73EB691-890F-4A7B-A507-C9A4D9050EBA}.Release|Any CPU.Build.0 = Release|Any CPU
	EndGlobalSection
	GlobalSection(SolutionProperties) = preSolution
		HideSolutionNode = FALSE
	EndGlobalSection
	GlobalSection(ExtensibilityGlobals) = postSolution
		SolutionGuid = {F1A8AD9E-49AD-4019-8714-58A3DA29E9A4}
	EndGlobalSection
EndGlobal
